PODS:
  - AppAuth (1.6.2):
    - AppAuth/Core (= 1.6.2)
    - AppAuth/ExternalUserAgent (= 1.6.2)
  - AppAuth/Core (1.6.2)
  - AppAuth/ExternalUserAgent (1.6.2):
    - AppAuth/Core
  - Flutter (1.0.0)
  - flutter_appauth (0.0.1):
    - AppAuth (= 1.6.2)
    - Flutter
  - image_picker_ios (0.0.1):
    - Flutter
  - MSAL (1.2.12):
    - MSAL/app-lib (= 1.2.12)
  - MSAL/app-lib (1.2.12)
  - shared_preferences_foundation (0.0.1):
    - Flutter
    - FlutterMacOS

DEPENDENCIES:
  - Flutter (from `Flutter`)
  - flutter_appauth (from `.symlinks/plugins/flutter_appauth/ios`)
  - image_picker_ios (from `.symlinks/plugins/image_picker_ios/ios`)
  - MSAL
  - shared_preferences_foundation (from `.symlinks/plugins/shared_preferences_foundation/darwin`)

SPEC REPOS:
  trunk:
    - AppAuth
    - MSAL

EXTERNAL SOURCES:
  Flutter:
    :path: Flutter
  flutter_appauth:
    :path: ".symlinks/plugins/flutter_appauth/ios"
  image_picker_ios:
    :path: ".symlinks/plugins/image_picker_ios/ios"
  shared_preferences_foundation:
    :path: ".symlinks/plugins/shared_preferences_foundation/darwin"

SPEC CHECKSUMS:
  AppAuth: 3bb1d1cd9340bd09f5ed189fb00b1cc28e1e8570
  Flutter: f04841e97a9d0b0a8025694d0796dd46242b2854
  flutter_appauth: cf9b928962105b2a64a9802585d1c8adaf3e0f46
  image_picker_ios: 4a8aadfbb6dc30ad5141a2ce3832af9214a705b5
  MSAL: 75efaef0cfbfac818795b14e3bf15475d84582a0
  shared_preferences_foundation: e2dae3258e06f44cc55f49d42024fd8dd03c590c

PODFILE CHECKSUM: 9adafb485b2833e6f6acd9e074b45bc24fcf8e86

COCOAPODS: 1.11.3
